{
    "version": 3,
    "terraform_version": "0.11.8",
    "serial": 12,
    "lineage": "b1079748-cf90-2f14-a9ff-6ab3c6f5066d",
    "modules": [
        {
            "path": [
                "root"
            ],
            "outputs": {},
            "resources": {
                "aws_key_pair.key": {
                    "type": "aws_key_pair",
                    "depends_on": [],
                    "primary": {
                        "id": "test",
                        "attributes": {
                            "fingerprint": "e4:13:4a:67:d2:0b:3e:69:44:5f:bb:cd:d5:63:42:7a",
                            "id": "test",
                            "key_name": "test",
                            "public_key": "ssh-rsa AAAAB3NzaC1yc2EAAAADAQABAAABAQC1tbFc3O4Hz7SDOfJiPfMK5ohOADjHm84LgRg6s9aEdRu0dELzObs5fXTQ8eIwwQ3s+1uOh9db8jMDjQiPt1bYNzA701ru+IL/bio3Z8JPFB1EhMN2gQD35DYGvc0RzUe8LK8Jz8jgAbswYFtOUfiy9ChAeJvH/AJluxiw1gdPX/1QVs/hI1uFNLhS+xnujfMS1bqifan+MsYfYf+x2fOL4PeT24pTMP9OHsa1Cu3DETNsr1p+SwwSQkO4tNY7EFCoPQbbhSnQ1PSS/lbcg/Y7R6cVrT6l5uVVoqvfwsjPJdqFYSStwYT1KeYtBD/YFOA36EaE0PRa4dnbc3CZRY/D aaron@ECS0729.local"
                        },
                        "meta": {
                            "schema_version": "1"
                        },
                        "tainted": false
                    },
                    "deposed": [],
                    "provider": "provider.aws"
                }
            },
            "depends_on": []
        },
        {
            "path": [
                "root",
                "networking"
            ],
            "outputs": {
                "default_sg_id": {
                    "sensitive": false,
                    "type": "string",
                    "value": "sg-0ee93a4f957786f8f"
                },
                "private_subnet_id": {
                    "sensitive": false,
                    "type": "string",
                    "value": "subnet-0e0aabd52b33d5bd3"
                },
                "public_subnet_id": {
                    "sensitive": false,
                    "type": "string",
                    "value": "subnet-0718b6c32cafffc7d"
                },
                "vpc_id": {
                    "sensitive": false,
                    "type": "string",
                    "value": "vpc-0f89667f2e285a170"
                }
            },
            "resources": {
                "aws_eip.nat_eip": {
                    "type": "aws_eip",
                    "depends_on": [],
                    "primary": {
                        "id": "eipalloc-0c1dcd434c200ac48",
                        "attributes": {
                            "association_id": "",
                            "domain": "vpc",
                            "id": "eipalloc-0c1dcd434c200ac48",
                            "instance": "",
                            "network_interface": "",
                            "private_ip": "",
                            "public_ip": "35.178.12.114",
                            "tags.%": "0",
                            "vpc": "true"
                        },
                        "meta": {
                            "e2bfb730-ecaa-11e6-8f88-34363bc7c4c0": {
                                "delete": 180000000000,
                                "read": 900000000000,
                                "update": 300000000000
                            }
                        },
                        "tainted": false
                    },
                    "deposed": [],
                    "provider": "provider.aws"
                },
                "aws_instance.bastion": {
                    "type": "aws_instance",
                    "depends_on": [
                        "aws_security_group.bastion",
                        "aws_subnet.public_subnet"
                    ],
                    "primary": {
                        "id": "i-0eb4f17a4c8e33b9c",
                        "attributes": {
                            "ami": "ami-45c7cd21",
                            "arn": "arn:aws:ec2:eu-west-2:523838321118:instance/i-0eb4f17a4c8e33b9c",
                            "associate_public_ip_address": "true",
                            "availability_zone": "eu-west-2b",
                            "cpu_core_count": "1",
                            "cpu_threads_per_core": "1",
                            "credit_specification.#": "1",
                            "credit_specification.0.cpu_credits": "standard",
                            "disable_api_termination": "false",
                            "ebs_block_device.#": "0",
                            "ebs_optimized": "false",
                            "ephemeral_block_device.#": "0",
                            "get_password_data": "false",
                            "iam_instance_profile": "",
                            "id": "i-0eb4f17a4c8e33b9c",
                            "instance_state": "running",
                            "instance_type": "t2.micro",
                            "ipv6_addresses.#": "0",
                            "key_name": "test",
                            "monitoring": "true",
                            "network_interface.#": "0",
                            "network_interface_id": "eni-0e1dcc90ae53d7ab3",
                            "password_data": "",
                            "placement_group": "",
                            "primary_network_interface_id": "eni-0e1dcc90ae53d7ab3",
                            "private_dns": "ip-10-0-1-101.eu-west-2.compute.internal",
                            "private_ip": "10.0.1.101",
                            "public_dns": "ec2-18-130-230-213.eu-west-2.compute.amazonaws.com",
                            "public_ip": "18.130.230.213",
                            "root_block_device.#": "1",
                            "root_block_device.0.delete_on_termination": "true",
                            "root_block_device.0.iops": "100",
                            "root_block_device.0.volume_id": "vol-09aeece1ada2caa9e",
                            "root_block_device.0.volume_size": "8",
                            "root_block_device.0.volume_type": "gp2",
                            "security_groups.#": "0",
                            "source_dest_check": "true",
                            "subnet_id": "subnet-0718b6c32cafffc7d",
                            "tags.%": "2",
                            "tags.Environment": "test",
                            "tags.Name": "test-bastion",
                            "tenancy": "default",
                            "volume_tags.%": "0",
                            "vpc_security_group_ids.#": "1",
                            "vpc_security_group_ids.1212809332": "sg-09e5db1bddeb61a9e"
                        },
                        "meta": {
                            "e2bfb730-ecaa-11e6-8f88-34363bc7c4c0": {
                                "create": 600000000000,
                                "delete": 1200000000000,
                                "update": 600000000000
                            },
                            "schema_version": "1"
                        },
                        "tainted": false
                    },
                    "deposed": [],
                    "provider": "provider.aws"
                },
                "aws_internet_gateway.ig": {
                    "type": "aws_internet_gateway",
                    "depends_on": [
                        "aws_vpc.vpc"
                    ],
                    "primary": {
                        "id": "igw-046f0ce5d5814abb3",
                        "attributes": {
                            "id": "igw-046f0ce5d5814abb3",
                            "tags.%": "2",
                            "tags.Environment": "test",
                            "tags.Name": "test-igw",
                            "vpc_id": "vpc-0f89667f2e285a170"
                        },
                        "meta": {},
                        "tainted": false
                    },
                    "deposed": [],
                    "provider": "provider.aws"
                },
                "aws_nat_gateway.nat": {
                    "type": "aws_nat_gateway",
                    "depends_on": [
                        "aws_eip.nat_eip",
                        "aws_subnet.public_subnet"
                    ],
                    "primary": {
                        "id": "nat-08cd86d9caba96581",
                        "attributes": {
                            "allocation_id": "eipalloc-0c1dcd434c200ac48",
                            "id": "nat-08cd86d9caba96581",
                            "network_interface_id": "eni-0a71aad187e0e8cf4",
                            "private_ip": "10.0.1.223",
                            "public_ip": "35.178.12.114",
                            "subnet_id": "subnet-0718b6c32cafffc7d",
                            "tags.%": "0"
                        },
                        "meta": {},
                        "tainted": false
                    },
                    "deposed": [],
                    "provider": "provider.aws"
                },
                "aws_route.private_nat_gateway": {
                    "type": "aws_route",
                    "depends_on": [
                        "aws_nat_gateway.nat",
                        "aws_route_table.private"
                    ],
                    "primary": {
                        "id": "r-rtb-047a8d8eed92f618f1080289494",
                        "attributes": {
                            "destination_cidr_block": "0.0.0.0/0",
                            "destination_prefix_list_id": "",
                            "egress_only_gateway_id": "",
                            "gateway_id": "",
                            "id": "r-rtb-047a8d8eed92f618f1080289494",
                            "instance_id": "",
                            "instance_owner_id": "",
                            "nat_gateway_id": "nat-08cd86d9caba96581",
                            "network_interface_id": "",
                            "origin": "CreateRoute",
                            "route_table_id": "rtb-047a8d8eed92f618f",
                            "state": "active",
                            "vpc_peering_connection_id": ""
                        },
                        "meta": {
                            "e2bfb730-ecaa-11e6-8f88-34363bc7c4c0": {
                                "create": 120000000000,
                                "delete": 300000000000
                            }
                        },
                        "tainted": false
                    },
                    "deposed": [],
                    "provider": "provider.aws"
                },
                "aws_route.public_internet_gateway": {
                    "type": "aws_route",
                    "depends_on": [
                        "aws_internet_gateway.ig",
                        "aws_route_table.public"
                    ],
                    "primary": {
                        "id": "r-rtb-0a66e32d764a4a4f21080289494",
                        "attributes": {
                            "destination_cidr_block": "0.0.0.0/0",
                            "destination_prefix_list_id": "",
                            "egress_only_gateway_id": "",
                            "gateway_id": "igw-046f0ce5d5814abb3",
                            "id": "r-rtb-0a66e32d764a4a4f21080289494",
                            "instance_id": "",
                            "instance_owner_id": "",
                            "nat_gateway_id": "",
                            "network_interface_id": "",
                            "origin": "CreateRoute",
                            "route_table_id": "rtb-0a66e32d764a4a4f2",
                            "state": "active",
                            "vpc_peering_connection_id": ""
                        },
                        "meta": {
                            "e2bfb730-ecaa-11e6-8f88-34363bc7c4c0": {
                                "create": 120000000000,
                                "delete": 300000000000
                            }
                        },
                        "tainted": false
                    },
                    "deposed": [],
                    "provider": "provider.aws"
                },
                "aws_route_table.private": {
                    "type": "aws_route_table",
                    "depends_on": [
                        "aws_vpc.vpc"
                    ],
                    "primary": {
                        "id": "rtb-047a8d8eed92f618f",
                        "attributes": {
                            "id": "rtb-047a8d8eed92f618f",
                            "propagating_vgws.#": "0",
                            "route.#": "0",
                            "tags.%": "2",
                            "tags.Environment": "test",
                            "tags.Name": "test-private-route-table",
                            "vpc_id": "vpc-0f89667f2e285a170"
                        },
                        "meta": {},
                        "tainted": false
                    },
                    "deposed": [],
                    "provider": "provider.aws"
                },
                "aws_route_table.public": {
                    "type": "aws_route_table",
                    "depends_on": [
                        "aws_vpc.vpc"
                    ],
                    "primary": {
                        "id": "rtb-0a66e32d764a4a4f2",
                        "attributes": {
                            "id": "rtb-0a66e32d764a4a4f2",
                            "propagating_vgws.#": "0",
                            "route.#": "0",
                            "tags.%": "2",
                            "tags.Environment": "test",
                            "tags.Name": "test-public-route-table",
                            "vpc_id": "vpc-0f89667f2e285a170"
                        },
                        "meta": {},
                        "tainted": false
                    },
                    "deposed": [],
                    "provider": "provider.aws"
                },
                "aws_route_table_association.private": {
                    "type": "aws_route_table_association",
                    "depends_on": [
                        "aws_route_table.private",
                        "aws_subnet.private_subnet"
                    ],
                    "primary": {
                        "id": "rtbassoc-09b5213f6d5e6a69e",
                        "attributes": {
                            "id": "rtbassoc-09b5213f6d5e6a69e",
                            "route_table_id": "rtb-047a8d8eed92f618f",
                            "subnet_id": "subnet-0e0aabd52b33d5bd3"
                        },
                        "meta": {},
                        "tainted": false
                    },
                    "deposed": [],
                    "provider": "provider.aws"
                },
                "aws_route_table_association.public": {
                    "type": "aws_route_table_association",
                    "depends_on": [
                        "aws_route_table.public",
                        "aws_subnet.public_subnet"
                    ],
                    "primary": {
                        "id": "rtbassoc-0fc2c6f9686cdc581",
                        "attributes": {
                            "id": "rtbassoc-0fc2c6f9686cdc581",
                            "route_table_id": "rtb-0a66e32d764a4a4f2",
                            "subnet_id": "subnet-0718b6c32cafffc7d"
                        },
                        "meta": {},
                        "tainted": false
                    },
                    "deposed": [],
                    "provider": "provider.aws"
                },
                "aws_security_group.bastion": {
                    "type": "aws_security_group",
                    "depends_on": [
                        "aws_vpc.vpc"
                    ],
                    "primary": {
                        "id": "sg-09e5db1bddeb61a9e",
                        "attributes": {
                            "arn": "arn:aws:ec2:eu-west-2:523838321118:security-group/sg-09e5db1bddeb61a9e",
                            "description": "Allow SSH to bastion host",
                            "egress.#": "1",
                            "egress.482069346.cidr_blocks.#": "1",
                            "egress.482069346.cidr_blocks.0": "0.0.0.0/0",
                            "egress.482069346.description": "",
                            "egress.482069346.from_port": "0",
                            "egress.482069346.ipv6_cidr_blocks.#": "0",
                            "egress.482069346.prefix_list_ids.#": "0",
                            "egress.482069346.protocol": "-1",
                            "egress.482069346.security_groups.#": "0",
                            "egress.482069346.self": "false",
                            "egress.482069346.to_port": "0",
                            "id": "sg-09e5db1bddeb61a9e",
                            "ingress.#": "2",
                            "ingress.2541437006.cidr_blocks.#": "1",
                            "ingress.2541437006.cidr_blocks.0": "0.0.0.0/0",
                            "ingress.2541437006.description": "",
                            "ingress.2541437006.from_port": "22",
                            "ingress.2541437006.ipv6_cidr_blocks.#": "0",
                            "ingress.2541437006.prefix_list_ids.#": "0",
                            "ingress.2541437006.protocol": "tcp",
                            "ingress.2541437006.security_groups.#": "0",
                            "ingress.2541437006.self": "false",
                            "ingress.2541437006.to_port": "22",
                            "ingress.3068409405.cidr_blocks.#": "1",
                            "ingress.3068409405.cidr_blocks.0": "0.0.0.0/0",
                            "ingress.3068409405.description": "",
                            "ingress.3068409405.from_port": "8",
                            "ingress.3068409405.ipv6_cidr_blocks.#": "0",
                            "ingress.3068409405.prefix_list_ids.#": "0",
                            "ingress.3068409405.protocol": "icmp",
                            "ingress.3068409405.security_groups.#": "0",
                            "ingress.3068409405.self": "false",
                            "ingress.3068409405.to_port": "0",
                            "name": "test-bastion-host",
                            "owner_id": "523838321118",
                            "revoke_rules_on_delete": "false",
                            "tags.%": "2",
                            "tags.Environment": "test",
                            "tags.Name": "test-bastion-sg",
                            "vpc_id": "vpc-0f89667f2e285a170"
                        },
                        "meta": {
                            "e2bfb730-ecaa-11e6-8f88-34363bc7c4c0": {
                                "create": 600000000000,
                                "delete": 600000000000
                            },
                            "schema_version": "1"
                        },
                        "tainted": false
                    },
                    "deposed": [],
                    "provider": "provider.aws"
                },
                "aws_security_group.default": {
                    "type": "aws_security_group",
                    "depends_on": [
                        "aws_vpc.vpc"
                    ],
                    "primary": {
                        "id": "sg-0ee93a4f957786f8f",
                        "attributes": {
                            "arn": "arn:aws:ec2:eu-west-2:523838321118:security-group/sg-0ee93a4f957786f8f",
                            "description": "Default security group to allow inbound/outbound from the VPC",
                            "egress.#": "1",
                            "egress.753360330.cidr_blocks.#": "0",
                            "egress.753360330.description": "",
                            "egress.753360330.from_port": "0",
                            "egress.753360330.ipv6_cidr_blocks.#": "0",
                            "egress.753360330.prefix_list_ids.#": "0",
                            "egress.753360330.protocol": "-1",
                            "egress.753360330.security_groups.#": "0",
                            "egress.753360330.self": "true",
                            "egress.753360330.to_port": "0",
                            "id": "sg-0ee93a4f957786f8f",
                            "ingress.#": "1",
                            "ingress.753360330.cidr_blocks.#": "0",
                            "ingress.753360330.description": "",
                            "ingress.753360330.from_port": "0",
                            "ingress.753360330.ipv6_cidr_blocks.#": "0",
                            "ingress.753360330.prefix_list_ids.#": "0",
                            "ingress.753360330.protocol": "-1",
                            "ingress.753360330.security_groups.#": "0",
                            "ingress.753360330.self": "true",
                            "ingress.753360330.to_port": "0",
                            "name": "test-default-sg",
                            "owner_id": "523838321118",
                            "revoke_rules_on_delete": "false",
                            "tags.%": "1",
                            "tags.Environment": "test",
                            "vpc_id": "vpc-0f89667f2e285a170"
                        },
                        "meta": {
                            "e2bfb730-ecaa-11e6-8f88-34363bc7c4c0": {
                                "create": 600000000000,
                                "delete": 600000000000
                            },
                            "schema_version": "1"
                        },
                        "tainted": false
                    },
                    "deposed": [],
                    "provider": "provider.aws"
                },
                "aws_subnet.private_subnet": {
                    "type": "aws_subnet",
                    "depends_on": [
                        "aws_vpc.vpc"
                    ],
                    "primary": {
                        "id": "subnet-0e0aabd52b33d5bd3",
                        "attributes": {
                            "arn": "arn:aws:ec2:eu-west-2:523838321118:subnet/subnet-0e0aabd52b33d5bd3",
                            "assign_ipv6_address_on_creation": "false",
                            "availability_zone": "eu-west-2b",
                            "cidr_block": "10.0.2.0/24",
                            "id": "subnet-0e0aabd52b33d5bd3",
                            "map_public_ip_on_launch": "false",
                            "tags.%": "2",
                            "tags.Environment": "test",
                            "tags.Name": "test-private-subnet",
                            "vpc_id": "vpc-0f89667f2e285a170"
                        },
                        "meta": {
                            "e2bfb730-ecaa-11e6-8f88-34363bc7c4c0": {
                                "create": 600000000000,
                                "delete": 600000000000
                            },
                            "schema_version": "1"
                        },
                        "tainted": false
                    },
                    "deposed": [],
                    "provider": "provider.aws"
                },
                "aws_subnet.public_subnet": {
                    "type": "aws_subnet",
                    "depends_on": [
                        "aws_vpc.vpc"
                    ],
                    "primary": {
                        "id": "subnet-0718b6c32cafffc7d",
                        "attributes": {
                            "arn": "arn:aws:ec2:eu-west-2:523838321118:subnet/subnet-0718b6c32cafffc7d",
                            "assign_ipv6_address_on_creation": "false",
                            "availability_zone": "eu-west-2b",
                            "cidr_block": "10.0.1.0/24",
                            "id": "subnet-0718b6c32cafffc7d",
                            "map_public_ip_on_launch": "true",
                            "tags.%": "2",
                            "tags.Environment": "test",
                            "tags.Name": "test-public-subnet",
                            "vpc_id": "vpc-0f89667f2e285a170"
                        },
                        "meta": {
                            "e2bfb730-ecaa-11e6-8f88-34363bc7c4c0": {
                                "create": 600000000000,
                                "delete": 600000000000
                            },
                            "schema_version": "1"
                        },
                        "tainted": false
                    },
                    "deposed": [],
                    "provider": "provider.aws"
                },
                "aws_vpc.vpc": {
                    "type": "aws_vpc",
                    "depends_on": [],
                    "primary": {
                        "id": "vpc-0f89667f2e285a170",
                        "attributes": {
                            "arn": "arn:aws:ec2:eu-west-2:523838321118:vpc/vpc-0f89667f2e285a170",
                            "assign_generated_ipv6_cidr_block": "false",
                            "cidr_block": "10.0.0.0/16",
                            "default_network_acl_id": "acl-08e524a057c1f8d90",
                            "default_route_table_id": "rtb-070e178392cb72be1",
                            "default_security_group_id": "sg-065c5b8b01114beef",
                            "dhcp_options_id": "dopt-0ee98566",
                            "enable_dns_hostnames": "true",
                            "enable_dns_support": "true",
                            "id": "vpc-0f89667f2e285a170",
                            "instance_tenancy": "default",
                            "main_route_table_id": "rtb-070e178392cb72be1",
                            "tags.%": "2",
                            "tags.Environment": "test",
                            "tags.Name": "test-vpc"
                        },
                        "meta": {
                            "schema_version": "1"
                        },
                        "tainted": false
                    },
                    "deposed": [],
                    "provider": "provider.aws"
                }
            },
            "depends_on": []
        }
    ]
}
